<?xml version="1.0" encoding="UTF-8" standalone="yes" ?>
<CodeBlocks_project_file>
	<FileVersion major="1" minor="6" />
	<Project>
		<Option title="Ponykart++" />
		<Option pch_mode="2" />
		<Option compiler="gcc" />
		<Build>
			<Target title="Debug">
				<Option output="build/Debug/Ponykart++" prefix_auto="1" extension_auto="1" />
				<Option working_dir="build/" />
				<Option object_output="obj/Debug/" />
				<Option type="1" />
				<Option compiler="gcc" />
				<Compiler>
					<Add option="-g" />
					<Add option="-Wno-strict-aliasing" />
					<Add option="-Wno-unused-local-typedefs" />
					<Add option="-DDEBUG=1" />
				</Compiler>
				<Linker>
					<Add library="Muffind" />
				</Linker>
			</Target>
			<Target title="Release">
				<Option output="build/Release/Ponykart++" prefix_auto="1" extension_auto="1" />
				<Option working_dir="build/" />
				<Option object_output="obj/Release/" />
				<Option type="0" />
				<Option compiler="gcc" />
				<Compiler>
					<Add option="-march=i686" />
					<Add option="-fexpensive-optimizations" />
					<Add option="-Os" />
					<Add option="-O3" />
				</Compiler>
				<Linker>
					<Add option="-s" />
					<Add library="Muffin" />
				</Linker>
			</Target>
			<Target title="FastRelease">
				<Option output="build/FastRelease/Ponykart++" prefix_auto="1" extension_auto="1" />
				<Option working_dir="build/" />
				<Option object_output="obj/FastRelease/" />
				<Option type="0" />
				<Option compiler="gcc" />
				<Compiler>
					<Add option="-Wno-strict-aliasing" />
					<Add option="-Wno-unused-local-typedefs" />
				</Compiler>
				<Linker>
					<Add library="Muffin" />
				</Linker>
			</Target>
		</Build>
		<Compiler>
			<Add option="-std=c++11" />
			<Add option="-Wall" />
			<Add option="-fexceptions" />
			<Add directory="C:/Users/Tux/Documents/Dev/Projects/Ponykart/Ponykart++/" />
			<Add directory="C:/Program Files (x86)/OGRE/include" />
			<Add directory="C:/Program Files (x86)/OGRE/include/OIS" />
			<Add directory="C:/Program Files (x86)/OGRE/include/OGRE" />
			<Add directory="C:/Users/Tux/Documents/Dev/Projects/Ponykart/PonykartParsers++/" />
			<Add directory="C:/boost_1_55_0" />
		</Compiler>
		<Linker>
			<Add option="-Wl,--enable-auto-import" />
			<Add library="OgreMain" />
			<Add library="OIS" />
			<Add library="boost_system-mgw48-mt-1_55" />
			<Add library="boost_thread-mgw48-mt-1_55" />
			<Add directory="C:/Program Files (x86)/OGRE/lib/release" />
			<Add directory="C:/Users/Tux/Documents/Dev/Projects/Ponykart/PonykartParsers++/bin/" />
			<Add directory="C:/boost_1_55_0/stage/lib" />
		</Linker>
		<Unit filename="Actors/LThing.h" />
		<Unit filename="Core/Options.cpp" />
		<Unit filename="Core/Options.h" />
		<Unit filename="Core/OptionsEnums.h" />
		<Unit filename="Core/main.cpp" />
		<Unit filename="Kernel/LKernel.cpp" />
		<Unit filename="Kernel/LKernel.h" />
		<Unit filename="Kernel/LKernelOgreInit.cpp" />
		<Unit filename="Kernel/LKernelRegistration.cpp" />
		<Unit filename="Kernel/LKernelStartup.cpp" />
		<Unit filename="Levels/Level.cpp" />
		<Unit filename="Levels/Level.h" />
		<Unit filename="Levels/LevelChangeRequest.h" />
		<Unit filename="Levels/LevelChangedEventArgs.cpp" />
		<Unit filename="Levels/LevelChangedEventArgs.h" />
		<Unit filename="Levels/LevelManager.cpp" />
		<Unit filename="Levels/LevelManager.h" />
		<Unit filename="Levels/LevelType.h" />
		<Unit filename="Physics/CollisionReports/CollisionReporter.cpp" />
		<Unit filename="Physics/CollisionReports/CollisionReporter.h" />
		<Unit filename="Physics/CollisionShapeManager.cpp" />
		<Unit filename="Physics/CollisionShapeManager.h" />
		<Unit filename="Physics/PhysicsMain.cpp" />
		<Unit filename="Physics/PhysicsMain.h" />
		<Unit filename="UI/Splash.cpp" />
		<Unit filename="UI/Splash.h" />
		<Extensions>
			<code_completion />
			<envvars />
			<debugger />
			<lib_finder disable_auto="1" />
		</Extensions>
	</Project>
</CodeBlocks_project_file>
