
Microsoft Visual Studio Solution File, Format Version 11.00
# Visual Studio 2010
Project("{2150E333-8FDC-42A3-9474-1A3956D46DE8}") = "Solution Items", "Solution Items", "{16F64517-BCB9-4DE9-91A6-4E833D23ED86}"
EndProject
Project("{FAE04EC0-301F-11D3-BF4B-00C04F79EFBC}") = "Ponykart", "Ponykart\Ponykart.csproj", "{E42E240A-99DB-4375-BCA3-187AA990C15C}"
EndProject
Project("{FAE04EC0-301F-11D3-BF4B-00C04F79EFBC}") = "SceneToThing", "SceneToThing\SceneToThing.csproj", "{F0DC2342-17AA-48AB-8D0F-4334D1574686}"
EndProject
Project("{FAE04EC0-301F-11D3-BF4B-00C04F79EFBC}") = "SceneToMuffin", "SceneToMuffin\SceneToMuffin.csproj", "{B7598F5C-A971-42F4-B324-2268085C4113}"
EndProject
Project("{FAE04EC0-301F-11D3-BF4B-00C04F79EFBC}") = "PonykartParsers", "PonykartParsers\PonykartParsers.csproj", "{BE300323-9D6D-4CA5-BA9C-41736DFF973D}"
EndProject
Project("{FAE04EC0-301F-11D3-BF4B-00C04F79EFBC}") = "SceneFromMuffin", "SceneFromMuffin\SceneFromMuffin.csproj", "{6189BBCA-E653-44A1-85DA-9D0C9C8602DE}"
EndProject
Project("{FAE04EC0-301F-11D3-BF4B-00C04F79EFBC}") = "ShadowsTest", "ShadowsTest\ShadowsTest.csproj", "{E43C72B1-CF8C-4915-B7C8-8A1059C6336B}"
EndProject
Project("{FAE04EC0-301F-11D3-BF4B-00C04F79EFBC}") = "Rescaler", "Rescaler\Rescaler.csproj", "{9EE8E6CE-3EC5-4909-9FEE-378A5BE0072B}"
EndProject
Project("{FAE04EC0-301F-11D3-BF4B-00C04F79EFBC}") = "OgreToBulletMesh", "OgreToBulletMesh\OgreToBulletMesh.csproj", "{950DD472-0EF6-4321-BACC-FCD3E3FA2576}"
EndProject
Project("{FAE04EC0-301F-11D3-BF4B-00C04F79EFBC}") = "SceneToTriggerRegion", "SceneToTriggerRegion\SceneToTriggerRegion.csproj", "{6A35DCD6-55D4-46FE-BCD9-0B108FFFBBA1}"
EndProject
Project("{8BC9CEB8-8B4A-11D0-8D11-00A0C91BC942}") = "shaders", "Resources\media\shaders\shaders.vcxproj", "{586CB2DB-7273-4ECE-876F-9736F6A4464C}"
EndProject
Project("{FAE04EC0-301F-11D3-BF4B-00C04F79EFBC}") = "BackgroundPonyCreator", "BackgroundPonyCreator\BackgroundPonyCreator.csproj", "{A757C732-B996-4EA4-9678-A3D1DB7BE1FA}"
EndProject
Global
	GlobalSection(SolutionConfigurationPlatforms) = preSolution
		Cupcake|Any CPU = Cupcake|Any CPU
		Cupcake|Mixed Platforms = Cupcake|Mixed Platforms
		Cupcake|Win32 = Cupcake|Win32
		Cupcake|x86 = Cupcake|x86
		Debug|Any CPU = Debug|Any CPU
		Debug|Mixed Platforms = Debug|Mixed Platforms
		Debug|Win32 = Debug|Win32
		Debug|x86 = Debug|x86
		Release|Any CPU = Release|Any CPU
		Release|Mixed Platforms = Release|Mixed Platforms
		Release|Win32 = Release|Win32
		Release|x86 = Release|x86
	EndGlobalSection
	GlobalSection(ProjectConfigurationPlatforms) = postSolution
		{E42E240A-99DB-4375-BCA3-187AA990C15C}.Cupcake|Any CPU.ActiveCfg = Debug|x86
		{E42E240A-99DB-4375-BCA3-187AA990C15C}.Cupcake|Mixed Platforms.ActiveCfg = Debug|x86
		{E42E240A-99DB-4375-BCA3-187AA990C15C}.Cupcake|Mixed Platforms.Build.0 = Debug|x86
		{E42E240A-99DB-4375-BCA3-187AA990C15C}.Cupcake|Win32.ActiveCfg = Cupcake|x86
		{E42E240A-99DB-4375-BCA3-187AA990C15C}.Cupcake|x86.ActiveCfg = Debug|x86
		{E42E240A-99DB-4375-BCA3-187AA990C15C}.Cupcake|x86.Build.0 = Debug|x86
		{E42E240A-99DB-4375-BCA3-187AA990C15C}.Debug|Any CPU.ActiveCfg = Debug|x86
		{E42E240A-99DB-4375-BCA3-187AA990C15C}.Debug|Any CPU.Build.0 = Debug|x86
		{E42E240A-99DB-4375-BCA3-187AA990C15C}.Debug|Mixed Platforms.ActiveCfg = Debug|x86
		{E42E240A-99DB-4375-BCA3-187AA990C15C}.Debug|Mixed Platforms.Build.0 = Debug|x86
		{E42E240A-99DB-4375-BCA3-187AA990C15C}.Debug|Win32.ActiveCfg = Debug|x86
		{E42E240A-99DB-4375-BCA3-187AA990C15C}.Debug|x86.ActiveCfg = Debug|x86
		{E42E240A-99DB-4375-BCA3-187AA990C15C}.Debug|x86.Build.0 = Debug|x86
		{E42E240A-99DB-4375-BCA3-187AA990C15C}.Release|Any CPU.ActiveCfg = Release|x86
		{E42E240A-99DB-4375-BCA3-187AA990C15C}.Release|Any CPU.Build.0 = Release|x86
		{E42E240A-99DB-4375-BCA3-187AA990C15C}.Release|Mixed Platforms.ActiveCfg = Release|x86
		{E42E240A-99DB-4375-BCA3-187AA990C15C}.Release|Mixed Platforms.Build.0 = Release|x86
		{E42E240A-99DB-4375-BCA3-187AA990C15C}.Release|Win32.ActiveCfg = Release|x86
		{E42E240A-99DB-4375-BCA3-187AA990C15C}.Release|x86.ActiveCfg = Release|x86
		{E42E240A-99DB-4375-BCA3-187AA990C15C}.Release|x86.Build.0 = Release|x86
		{F0DC2342-17AA-48AB-8D0F-4334D1574686}.Cupcake|Any CPU.ActiveCfg = Release|x86
		{F0DC2342-17AA-48AB-8D0F-4334D1574686}.Cupcake|Mixed Platforms.ActiveCfg = Release|x86
		{F0DC2342-17AA-48AB-8D0F-4334D1574686}.Cupcake|Mixed Platforms.Build.0 = Release|x86
		{F0DC2342-17AA-48AB-8D0F-4334D1574686}.Cupcake|Win32.ActiveCfg = Release|x86
		{F0DC2342-17AA-48AB-8D0F-4334D1574686}.Cupcake|x86.ActiveCfg = Release|x86
		{F0DC2342-17AA-48AB-8D0F-4334D1574686}.Cupcake|x86.Build.0 = Release|x86
		{F0DC2342-17AA-48AB-8D0F-4334D1574686}.Debug|Any CPU.ActiveCfg = Debug|x86
		{F0DC2342-17AA-48AB-8D0F-4334D1574686}.Debug|Mixed Platforms.ActiveCfg = Debug|x86
		{F0DC2342-17AA-48AB-8D0F-4334D1574686}.Debug|Mixed Platforms.Build.0 = Debug|x86
		{F0DC2342-17AA-48AB-8D0F-4334D1574686}.Debug|Win32.ActiveCfg = Debug|x86
		{F0DC2342-17AA-48AB-8D0F-4334D1574686}.Debug|x86.ActiveCfg = Debug|x86
		{F0DC2342-17AA-48AB-8D0F-4334D1574686}.Debug|x86.Build.0 = Debug|x86
		{F0DC2342-17AA-48AB-8D0F-4334D1574686}.Release|Any CPU.ActiveCfg = Release|x86
		{F0DC2342-17AA-48AB-8D0F-4334D1574686}.Release|Any CPU.Build.0 = Release|x86
		{F0DC2342-17AA-48AB-8D0F-4334D1574686}.Release|Mixed Platforms.ActiveCfg = Release|x86
		{F0DC2342-17AA-48AB-8D0F-4334D1574686}.Release|Mixed Platforms.Build.0 = Release|x86
		{F0DC2342-17AA-48AB-8D0F-4334D1574686}.Release|Win32.ActiveCfg = Release|x86
		{F0DC2342-17AA-48AB-8D0F-4334D1574686}.Release|x86.ActiveCfg = Release|x86
		{F0DC2342-17AA-48AB-8D0F-4334D1574686}.Release|x86.Build.0 = Release|x86
		{B7598F5C-A971-42F4-B324-2268085C4113}.Cupcake|Any CPU.ActiveCfg = Release|x86
		{B7598F5C-A971-42F4-B324-2268085C4113}.Cupcake|Mixed Platforms.ActiveCfg = Release|x86
		{B7598F5C-A971-42F4-B324-2268085C4113}.Cupcake|Mixed Platforms.Build.0 = Release|x86
		{B7598F5C-A971-42F4-B324-2268085C4113}.Cupcake|Win32.ActiveCfg = Release|x86
		{B7598F5C-A971-42F4-B324-2268085C4113}.Cupcake|x86.ActiveCfg = Release|x86
		{B7598F5C-A971-42F4-B324-2268085C4113}.Cupcake|x86.Build.0 = Release|x86
		{B7598F5C-A971-42F4-B324-2268085C4113}.Debug|Any CPU.ActiveCfg = Debug|x86
		{B7598F5C-A971-42F4-B324-2268085C4113}.Debug|Mixed Platforms.ActiveCfg = Debug|x86
		{B7598F5C-A971-42F4-B324-2268085C4113}.Debug|Mixed Platforms.Build.0 = Debug|x86
		{B7598F5C-A971-42F4-B324-2268085C4113}.Debug|Win32.ActiveCfg = Debug|x86
		{B7598F5C-A971-42F4-B324-2268085C4113}.Debug|x86.ActiveCfg = Debug|x86
		{B7598F5C-A971-42F4-B324-2268085C4113}.Debug|x86.Build.0 = Debug|x86
		{B7598F5C-A971-42F4-B324-2268085C4113}.Release|Any CPU.ActiveCfg = Release|x86
		{B7598F5C-A971-42F4-B324-2268085C4113}.Release|Any CPU.Build.0 = Release|x86
		{B7598F5C-A971-42F4-B324-2268085C4113}.Release|Mixed Platforms.ActiveCfg = Release|x86
		{B7598F5C-A971-42F4-B324-2268085C4113}.Release|Mixed Platforms.Build.0 = Release|x86
		{B7598F5C-A971-42F4-B324-2268085C4113}.Release|Win32.ActiveCfg = Release|x86
		{B7598F5C-A971-42F4-B324-2268085C4113}.Release|x86.ActiveCfg = Release|x86
		{B7598F5C-A971-42F4-B324-2268085C4113}.Release|x86.Build.0 = Release|x86
		{BE300323-9D6D-4CA5-BA9C-41736DFF973D}.Cupcake|Any CPU.ActiveCfg = Debug|x86
		{BE300323-9D6D-4CA5-BA9C-41736DFF973D}.Cupcake|Mixed Platforms.ActiveCfg = Debug|x86
		{BE300323-9D6D-4CA5-BA9C-41736DFF973D}.Cupcake|Mixed Platforms.Build.0 = Debug|x86
		{BE300323-9D6D-4CA5-BA9C-41736DFF973D}.Cupcake|Win32.ActiveCfg = Cupcake|x86
		{BE300323-9D6D-4CA5-BA9C-41736DFF973D}.Cupcake|x86.ActiveCfg = Debug|x86
		{BE300323-9D6D-4CA5-BA9C-41736DFF973D}.Cupcake|x86.Build.0 = Debug|x86
		{BE300323-9D6D-4CA5-BA9C-41736DFF973D}.Debug|Any CPU.ActiveCfg = Debug|Any CPU
		{BE300323-9D6D-4CA5-BA9C-41736DFF973D}.Debug|Any CPU.Build.0 = Debug|Any CPU
		{BE300323-9D6D-4CA5-BA9C-41736DFF973D}.Debug|Mixed Platforms.ActiveCfg = Debug|x86
		{BE300323-9D6D-4CA5-BA9C-41736DFF973D}.Debug|Mixed Platforms.Build.0 = Debug|x86
		{BE300323-9D6D-4CA5-BA9C-41736DFF973D}.Debug|Win32.ActiveCfg = Debug|x86
		{BE300323-9D6D-4CA5-BA9C-41736DFF973D}.Debug|x86.ActiveCfg = Debug|x86
		{BE300323-9D6D-4CA5-BA9C-41736DFF973D}.Debug|x86.Build.0 = Debug|x86
		{BE300323-9D6D-4CA5-BA9C-41736DFF973D}.Release|Any CPU.ActiveCfg = Release|Any CPU
		{BE300323-9D6D-4CA5-BA9C-41736DFF973D}.Release|Any CPU.Build.0 = Release|Any CPU
		{BE300323-9D6D-4CA5-BA9C-41736DFF973D}.Release|Mixed Platforms.ActiveCfg = Release|x86
		{BE300323-9D6D-4CA5-BA9C-41736DFF973D}.Release|Mixed Platforms.Build.0 = Release|x86
		{BE300323-9D6D-4CA5-BA9C-41736DFF973D}.Release|Win32.ActiveCfg = Release|x86
		{BE300323-9D6D-4CA5-BA9C-41736DFF973D}.Release|x86.ActiveCfg = Release|x86
		{BE300323-9D6D-4CA5-BA9C-41736DFF973D}.Release|x86.Build.0 = Release|x86
		{6189BBCA-E653-44A1-85DA-9D0C9C8602DE}.Cupcake|Any CPU.ActiveCfg = Release|x86
		{6189BBCA-E653-44A1-85DA-9D0C9C8602DE}.Cupcake|Mixed Platforms.ActiveCfg = Release|x86
		{6189BBCA-E653-44A1-85DA-9D0C9C8602DE}.Cupcake|Mixed Platforms.Build.0 = Release|x86
		{6189BBCA-E653-44A1-85DA-9D0C9C8602DE}.Cupcake|Win32.ActiveCfg = Release|x86
		{6189BBCA-E653-44A1-85DA-9D0C9C8602DE}.Cupcake|x86.ActiveCfg = Release|x86
		{6189BBCA-E653-44A1-85DA-9D0C9C8602DE}.Cupcake|x86.Build.0 = Release|x86
		{6189BBCA-E653-44A1-85DA-9D0C9C8602DE}.Debug|Any CPU.ActiveCfg = Debug|x86
		{6189BBCA-E653-44A1-85DA-9D0C9C8602DE}.Debug|Mixed Platforms.ActiveCfg = Debug|x86
		{6189BBCA-E653-44A1-85DA-9D0C9C8602DE}.Debug|Mixed Platforms.Build.0 = Debug|x86
		{6189BBCA-E653-44A1-85DA-9D0C9C8602DE}.Debug|Win32.ActiveCfg = Debug|x86
		{6189BBCA-E653-44A1-85DA-9D0C9C8602DE}.Debug|x86.ActiveCfg = Debug|x86
		{6189BBCA-E653-44A1-85DA-9D0C9C8602DE}.Debug|x86.Build.0 = Debug|x86
		{6189BBCA-E653-44A1-85DA-9D0C9C8602DE}.Release|Any CPU.ActiveCfg = Release|x86
		{6189BBCA-E653-44A1-85DA-9D0C9C8602DE}.Release|Any CPU.Build.0 = Release|x86
		{6189BBCA-E653-44A1-85DA-9D0C9C8602DE}.Release|Mixed Platforms.ActiveCfg = Release|x86
		{6189BBCA-E653-44A1-85DA-9D0C9C8602DE}.Release|Mixed Platforms.Build.0 = Release|x86
		{6189BBCA-E653-44A1-85DA-9D0C9C8602DE}.Release|Win32.ActiveCfg = Release|x86
		{6189BBCA-E653-44A1-85DA-9D0C9C8602DE}.Release|x86.ActiveCfg = Release|x86
		{6189BBCA-E653-44A1-85DA-9D0C9C8602DE}.Release|x86.Build.0 = Release|x86
		{E43C72B1-CF8C-4915-B7C8-8A1059C6336B}.Cupcake|Any CPU.ActiveCfg = Debug|x86
		{E43C72B1-CF8C-4915-B7C8-8A1059C6336B}.Cupcake|Mixed Platforms.ActiveCfg = Debug|x86
		{E43C72B1-CF8C-4915-B7C8-8A1059C6336B}.Cupcake|Mixed Platforms.Build.0 = Debug|x86
		{E43C72B1-CF8C-4915-B7C8-8A1059C6336B}.Cupcake|Win32.ActiveCfg = Release|x86
		{E43C72B1-CF8C-4915-B7C8-8A1059C6336B}.Cupcake|x86.ActiveCfg = Release|x86
		{E43C72B1-CF8C-4915-B7C8-8A1059C6336B}.Cupcake|x86.Build.0 = Release|x86
		{E43C72B1-CF8C-4915-B7C8-8A1059C6336B}.Debug|Any CPU.ActiveCfg = Debug|x86
		{E43C72B1-CF8C-4915-B7C8-8A1059C6336B}.Debug|Mixed Platforms.ActiveCfg = Debug|x86
		{E43C72B1-CF8C-4915-B7C8-8A1059C6336B}.Debug|Mixed Platforms.Build.0 = Debug|x86
		{E43C72B1-CF8C-4915-B7C8-8A1059C6336B}.Debug|Win32.ActiveCfg = Debug|x86
		{E43C72B1-CF8C-4915-B7C8-8A1059C6336B}.Debug|x86.ActiveCfg = Debug|x86
		{E43C72B1-CF8C-4915-B7C8-8A1059C6336B}.Debug|x86.Build.0 = Debug|x86
		{E43C72B1-CF8C-4915-B7C8-8A1059C6336B}.Release|Any CPU.ActiveCfg = Release|x86
		{E43C72B1-CF8C-4915-B7C8-8A1059C6336B}.Release|Any CPU.Build.0 = Release|x86
		{E43C72B1-CF8C-4915-B7C8-8A1059C6336B}.Release|Mixed Platforms.ActiveCfg = Release|x86
		{E43C72B1-CF8C-4915-B7C8-8A1059C6336B}.Release|Mixed Platforms.Build.0 = Release|x86
		{E43C72B1-CF8C-4915-B7C8-8A1059C6336B}.Release|Win32.ActiveCfg = Release|x86
		{E43C72B1-CF8C-4915-B7C8-8A1059C6336B}.Release|x86.ActiveCfg = Release|x86
		{E43C72B1-CF8C-4915-B7C8-8A1059C6336B}.Release|x86.Build.0 = Release|x86
		{9EE8E6CE-3EC5-4909-9FEE-378A5BE0072B}.Cupcake|Any CPU.ActiveCfg = Release|x86
		{9EE8E6CE-3EC5-4909-9FEE-378A5BE0072B}.Cupcake|Mixed Platforms.ActiveCfg = Release|x86
		{9EE8E6CE-3EC5-4909-9FEE-378A5BE0072B}.Cupcake|Mixed Platforms.Build.0 = Release|x86
		{9EE8E6CE-3EC5-4909-9FEE-378A5BE0072B}.Cupcake|Win32.ActiveCfg = Release|x86
		{9EE8E6CE-3EC5-4909-9FEE-378A5BE0072B}.Cupcake|x86.ActiveCfg = Release|x86
		{9EE8E6CE-3EC5-4909-9FEE-378A5BE0072B}.Cupcake|x86.Build.0 = Release|x86
		{9EE8E6CE-3EC5-4909-9FEE-378A5BE0072B}.Debug|Any CPU.ActiveCfg = Debug|x86
		{9EE8E6CE-3EC5-4909-9FEE-378A5BE0072B}.Debug|Mixed Platforms.ActiveCfg = Debug|x86
		{9EE8E6CE-3EC5-4909-9FEE-378A5BE0072B}.Debug|Mixed Platforms.Build.0 = Debug|x86
		{9EE8E6CE-3EC5-4909-9FEE-378A5BE0072B}.Debug|Win32.ActiveCfg = Debug|x86
		{9EE8E6CE-3EC5-4909-9FEE-378A5BE0072B}.Debug|x86.ActiveCfg = Debug|x86
		{9EE8E6CE-3EC5-4909-9FEE-378A5BE0072B}.Debug|x86.Build.0 = Debug|x86
		{9EE8E6CE-3EC5-4909-9FEE-378A5BE0072B}.Release|Any CPU.ActiveCfg = Release|x86
		{9EE8E6CE-3EC5-4909-9FEE-378A5BE0072B}.Release|Mixed Platforms.ActiveCfg = Release|x86
		{9EE8E6CE-3EC5-4909-9FEE-378A5BE0072B}.Release|Mixed Platforms.Build.0 = Release|x86
		{9EE8E6CE-3EC5-4909-9FEE-378A5BE0072B}.Release|Win32.ActiveCfg = Release|x86
		{9EE8E6CE-3EC5-4909-9FEE-378A5BE0072B}.Release|x86.ActiveCfg = Release|x86
		{9EE8E6CE-3EC5-4909-9FEE-378A5BE0072B}.Release|x86.Build.0 = Release|x86
		{950DD472-0EF6-4321-BACC-FCD3E3FA2576}.Cupcake|Any CPU.ActiveCfg = Release|x86
		{950DD472-0EF6-4321-BACC-FCD3E3FA2576}.Cupcake|Mixed Platforms.ActiveCfg = Release|x86
		{950DD472-0EF6-4321-BACC-FCD3E3FA2576}.Cupcake|Mixed Platforms.Build.0 = Release|x86
		{950DD472-0EF6-4321-BACC-FCD3E3FA2576}.Cupcake|Win32.ActiveCfg = Release|x86
		{950DD472-0EF6-4321-BACC-FCD3E3FA2576}.Cupcake|x86.ActiveCfg = Release|x86
		{950DD472-0EF6-4321-BACC-FCD3E3FA2576}.Cupcake|x86.Build.0 = Release|x86
		{950DD472-0EF6-4321-BACC-FCD3E3FA2576}.Debug|Any CPU.ActiveCfg = Debug|x86
		{950DD472-0EF6-4321-BACC-FCD3E3FA2576}.Debug|Mixed Platforms.ActiveCfg = Debug|x86
		{950DD472-0EF6-4321-BACC-FCD3E3FA2576}.Debug|Mixed Platforms.Build.0 = Debug|x86
		{950DD472-0EF6-4321-BACC-FCD3E3FA2576}.Debug|Win32.ActiveCfg = Debug|x86
		{950DD472-0EF6-4321-BACC-FCD3E3FA2576}.Debug|x86.ActiveCfg = Debug|x86
		{950DD472-0EF6-4321-BACC-FCD3E3FA2576}.Debug|x86.Build.0 = Debug|x86
		{950DD472-0EF6-4321-BACC-FCD3E3FA2576}.Release|Any CPU.ActiveCfg = Release|x86
		{950DD472-0EF6-4321-BACC-FCD3E3FA2576}.Release|Mixed Platforms.ActiveCfg = Release|x86
		{950DD472-0EF6-4321-BACC-FCD3E3FA2576}.Release|Mixed Platforms.Build.0 = Release|x86
		{950DD472-0EF6-4321-BACC-FCD3E3FA2576}.Release|Win32.ActiveCfg = Release|x86
		{950DD472-0EF6-4321-BACC-FCD3E3FA2576}.Release|x86.ActiveCfg = Release|x86
		{950DD472-0EF6-4321-BACC-FCD3E3FA2576}.Release|x86.Build.0 = Release|x86
		{6A35DCD6-55D4-46FE-BCD9-0B108FFFBBA1}.Cupcake|Any CPU.ActiveCfg = Release|x86
		{6A35DCD6-55D4-46FE-BCD9-0B108FFFBBA1}.Cupcake|Mixed Platforms.ActiveCfg = Release|x86
		{6A35DCD6-55D4-46FE-BCD9-0B108FFFBBA1}.Cupcake|Mixed Platforms.Build.0 = Release|x86
		{6A35DCD6-55D4-46FE-BCD9-0B108FFFBBA1}.Cupcake|Win32.ActiveCfg = Release|x86
		{6A35DCD6-55D4-46FE-BCD9-0B108FFFBBA1}.Cupcake|x86.ActiveCfg = Release|x86
		{6A35DCD6-55D4-46FE-BCD9-0B108FFFBBA1}.Cupcake|x86.Build.0 = Release|x86
		{6A35DCD6-55D4-46FE-BCD9-0B108FFFBBA1}.Debug|Any CPU.ActiveCfg = Debug|x86
		{6A35DCD6-55D4-46FE-BCD9-0B108FFFBBA1}.Debug|Mixed Platforms.ActiveCfg = Debug|x86
		{6A35DCD6-55D4-46FE-BCD9-0B108FFFBBA1}.Debug|Mixed Platforms.Build.0 = Debug|x86
		{6A35DCD6-55D4-46FE-BCD9-0B108FFFBBA1}.Debug|Win32.ActiveCfg = Debug|x86
		{6A35DCD6-55D4-46FE-BCD9-0B108FFFBBA1}.Debug|x86.ActiveCfg = Debug|x86
		{6A35DCD6-55D4-46FE-BCD9-0B108FFFBBA1}.Debug|x86.Build.0 = Debug|x86
		{6A35DCD6-55D4-46FE-BCD9-0B108FFFBBA1}.Release|Any CPU.ActiveCfg = Release|x86
		{6A35DCD6-55D4-46FE-BCD9-0B108FFFBBA1}.Release|Mixed Platforms.ActiveCfg = Release|x86
		{6A35DCD6-55D4-46FE-BCD9-0B108FFFBBA1}.Release|Mixed Platforms.Build.0 = Release|x86
		{6A35DCD6-55D4-46FE-BCD9-0B108FFFBBA1}.Release|Win32.ActiveCfg = Release|x86
		{6A35DCD6-55D4-46FE-BCD9-0B108FFFBBA1}.Release|x86.ActiveCfg = Release|x86
		{6A35DCD6-55D4-46FE-BCD9-0B108FFFBBA1}.Release|x86.Build.0 = Release|x86
		{586CB2DB-7273-4ECE-876F-9736F6A4464C}.Cupcake|Any CPU.ActiveCfg = Release|Win32
		{586CB2DB-7273-4ECE-876F-9736F6A4464C}.Cupcake|Mixed Platforms.ActiveCfg = Release|Win32
		{586CB2DB-7273-4ECE-876F-9736F6A4464C}.Cupcake|Mixed Platforms.Build.0 = Release|Win32
		{586CB2DB-7273-4ECE-876F-9736F6A4464C}.Cupcake|Win32.ActiveCfg = Release|Win32
		{586CB2DB-7273-4ECE-876F-9736F6A4464C}.Cupcake|Win32.Build.0 = Release|Win32
		{586CB2DB-7273-4ECE-876F-9736F6A4464C}.Cupcake|x86.ActiveCfg = Release|Win32
		{586CB2DB-7273-4ECE-876F-9736F6A4464C}.Debug|Any CPU.ActiveCfg = Debug|Win32
		{586CB2DB-7273-4ECE-876F-9736F6A4464C}.Debug|Mixed Platforms.ActiveCfg = Debug|Win32
		{586CB2DB-7273-4ECE-876F-9736F6A4464C}.Debug|Mixed Platforms.Build.0 = Debug|Win32
		{586CB2DB-7273-4ECE-876F-9736F6A4464C}.Debug|Win32.ActiveCfg = Debug|Win32
		{586CB2DB-7273-4ECE-876F-9736F6A4464C}.Debug|Win32.Build.0 = Debug|Win32
		{586CB2DB-7273-4ECE-876F-9736F6A4464C}.Debug|x86.ActiveCfg = Debug|Win32
		{586CB2DB-7273-4ECE-876F-9736F6A4464C}.Release|Any CPU.ActiveCfg = Release|Win32
		{586CB2DB-7273-4ECE-876F-9736F6A4464C}.Release|Mixed Platforms.ActiveCfg = Release|Win32
		{586CB2DB-7273-4ECE-876F-9736F6A4464C}.Release|Mixed Platforms.Build.0 = Release|Win32
		{586CB2DB-7273-4ECE-876F-9736F6A4464C}.Release|Win32.ActiveCfg = Release|Win32
		{586CB2DB-7273-4ECE-876F-9736F6A4464C}.Release|Win32.Build.0 = Release|Win32
		{586CB2DB-7273-4ECE-876F-9736F6A4464C}.Release|x86.ActiveCfg = Release|Win32
		{A757C732-B996-4EA4-9678-A3D1DB7BE1FA}.Cupcake|Any CPU.ActiveCfg = Release|x86
		{A757C732-B996-4EA4-9678-A3D1DB7BE1FA}.Cupcake|Mixed Platforms.ActiveCfg = Debug|x86
		{A757C732-B996-4EA4-9678-A3D1DB7BE1FA}.Cupcake|Mixed Platforms.Build.0 = Debug|x86
		{A757C732-B996-4EA4-9678-A3D1DB7BE1FA}.Cupcake|Win32.ActiveCfg = Release|x86
		{A757C732-B996-4EA4-9678-A3D1DB7BE1FA}.Cupcake|x86.ActiveCfg = Release|x86
		{A757C732-B996-4EA4-9678-A3D1DB7BE1FA}.Cupcake|x86.Build.0 = Release|x86
		{A757C732-B996-4EA4-9678-A3D1DB7BE1FA}.Debug|Any CPU.ActiveCfg = Debug|x86
		{A757C732-B996-4EA4-9678-A3D1DB7BE1FA}.Debug|Mixed Platforms.ActiveCfg = Debug|x86
		{A757C732-B996-4EA4-9678-A3D1DB7BE1FA}.Debug|Mixed Platforms.Build.0 = Debug|x86
		{A757C732-B996-4EA4-9678-A3D1DB7BE1FA}.Debug|Win32.ActiveCfg = Debug|x86
		{A757C732-B996-4EA4-9678-A3D1DB7BE1FA}.Debug|x86.ActiveCfg = Debug|x86
		{A757C732-B996-4EA4-9678-A3D1DB7BE1FA}.Debug|x86.Build.0 = Debug|x86
		{A757C732-B996-4EA4-9678-A3D1DB7BE1FA}.Release|Any CPU.ActiveCfg = Release|x86
		{A757C732-B996-4EA4-9678-A3D1DB7BE1FA}.Release|Mixed Platforms.ActiveCfg = Release|x86
		{A757C732-B996-4EA4-9678-A3D1DB7BE1FA}.Release|Mixed Platforms.Build.0 = Release|x86
		{A757C732-B996-4EA4-9678-A3D1DB7BE1FA}.Release|Win32.ActiveCfg = Release|x86
		{A757C732-B996-4EA4-9678-A3D1DB7BE1FA}.Release|x86.ActiveCfg = Release|x86
		{A757C732-B996-4EA4-9678-A3D1DB7BE1FA}.Release|x86.Build.0 = Release|x86
	EndGlobalSection
	GlobalSection(SolutionProperties) = preSolution
		HideSolutionNode = FALSE
	EndGlobalSection
EndGlobal
