<?xml version="1.0" encoding="utf-8"?>
<Project ToolsVersion="4.0" xmlns="http://schemas.microsoft.com/developer/msbuild/2003">
  <ItemGroup>
    <None Include="banner.cg">
      <Filter>Environment</Filter>
    </None>
    <None Include="banner.material">
      <Filter>Environment</Filter>
    </None>
    <None Include="Blur0_ps20.hlsl">
      <Filter>Post Processing\Blurs</Filter>
    </None>
    <None Include="BlurV_ps20.hlsl">
      <Filter>Post Processing\Blurs</Filter>
    </None>
    <None Include="Blur0_vs11.hlsl">
      <Filter>Post Processing\Blurs</Filter>
    </None>
    <None Include="Blur1_ps20.hlsl">
      <Filter>Post Processing\Blurs</Filter>
    </None>
    <None Include="Blur1_vs11.hlsl">
      <Filter>Post Processing\Blurs</Filter>
    </None>
    <None Include="Blur_vs11.hlsl">
      <Filter>Post Processing\Blurs</Filter>
    </None>
    <None Include="BlurH_ps20.hlsl">
      <Filter>Post Processing\Blurs</Filter>
    </None>
    <None Include="Bloom.material">
      <Filter>Post Processing\Bloom</Filter>
    </None>
    <None Include="BrightBloom2_ps20.hlsl">
      <Filter>Post Processing\Bloom</Filter>
    </None>
    <None Include="Bloom2.material">
      <Filter>Post Processing\Bloom</Filter>
    </None>
    <None Include="Bloom2_ps20 - Copy.hlsl">
      <Filter>Post Processing\Bloom</Filter>
    </None>
    <None Include="Bloom2_ps20.hlsl">
      <Filter>Post Processing\Bloom</Filter>
    </None>
    <None Include="Bloom_ps20.hlsl">
      <Filter>Post Processing\Bloom</Filter>
    </None>
    <None Include="Bloom_vs11.hlsl">
      <Filter>Post Processing\Bloom</Filter>
    </None>
    <None Include="Bloom.compositor">
      <Filter>Post Processing\Bloom</Filter>
    </None>
    <None Include="animatedParticle.hlsl">
      <Filter>Particles</Filter>
    </None>
    <None Include="animatedParticle.material">
      <Filter>Particles</Filter>
    </None>
    <None Include="corn.cg">
      <Filter>Environment</Filter>
    </None>
    <None Include="corn.material">
      <Filter>Environment</Filter>
    </None>
    <None Include="randomParticle.hlsl">
      <Filter>Particles</Filter>
    </None>
    <None Include="randomParticle.material">
      <Filter>Particles</Filter>
    </None>
    <None Include="outlined.material">
      <Filter>Characters</Filter>
    </None>
    <None Include="outlined.cg">
      <Filter>Characters</Filter>
    </None>
    <None Include="fresnel.cg">
      <Filter>Global</Filter>
    </None>
    <None Include="fresnelTex.material">
      <Filter>Global</Filter>
    </None>
    <None Include="fresnelTex.cg">
      <Filter>Global</Filter>
    </None>
    <None Include="instancing.cg">
      <Filter>Global</Filter>
    </None>
    <None Include="instancing.material">
      <Filter>Global</Filter>
    </None>
    <None Include="glowBalloon.material">
      <Filter>Debug</Filter>
    </None>
    <None Include="glowFlat.material">
      <Filter>Debug</Filter>
    </None>
    <None Include="glowFlat.cg">
      <Filter>Debug</Filter>
    </None>
    <None Include="backgroundPony.cg">
      <Filter>Characters</Filter>
    </None>
    <None Include="backgroundPony.material">
      <Filter>Characters</Filter>
    </None>
  </ItemGroup>
  <ItemGroup>
    <Filter Include="Characters">
      <UniqueIdentifier>{c2610d65-d675-4662-a0bd-477fd2f83f62}</UniqueIdentifier>
    </Filter>
    <Filter Include="Post Processing">
      <UniqueIdentifier>{e5ec59c6-4523-44ab-aa07-fc268b204925}</UniqueIdentifier>
    </Filter>
    <Filter Include="Environment">
      <UniqueIdentifier>{c01c8b85-b013-4256-8767-a1c39cfcee84}</UniqueIdentifier>
    </Filter>
    <Filter Include="Post Processing\Blurs">
      <UniqueIdentifier>{60746837-7355-4bf0-a765-bbcfd0a9e0ff}</UniqueIdentifier>
    </Filter>
    <Filter Include="Post Processing\Bloom">
      <UniqueIdentifier>{a4980bab-e294-4ab7-b3f0-44c9942a9f8e}</UniqueIdentifier>
    </Filter>
    <Filter Include="Particles">
      <UniqueIdentifier>{2407048f-519c-4257-b3ea-b65ab5994985}</UniqueIdentifier>
    </Filter>
    <Filter Include="Global">
      <UniqueIdentifier>{d3472ee6-5db5-4771-b71d-591ec751fb5e}</UniqueIdentifier>
    </Filter>
    <Filter Include="Debug">
      <UniqueIdentifier>{11fa3512-865c-4516-bb2c-47b8f59ac330}</UniqueIdentifier>
    </Filter>
  </ItemGroup>
</Project>